// !$*UTF8*$!
{
	archiveVersion = 1;
	classes = {
	};
	objectVersion = 50;
	objects = {

/* Begin PBXBuildFile section */
		EB1487912247F66100F892BD /* conatctViewController.swift in Sources */ = {isa = PBXBuildFile; fileRef = EB1487902247F66100F892BD /* conatctViewController.swift */; };
		EB1487942247F6C600F892BD /* HelpViewController.swift in Sources */ = {isa = PBXBuildFile; fileRef = EB1487932247F6C600F892BD /* HelpViewController.swift */; };
		EB1487962247F6EE00F892BD /* ProductViewController.swift in Sources */ = {isa = PBXBuildFile; fileRef = EB1487952247F6EE00F892BD /* ProductViewController.swift */; };
		EB1487992247F72800F892BD /* ViewCartViewController.swift in Sources */ = {isa = PBXBuildFile; fileRef = EB1487982247F72800F892BD /* ViewCartViewController.swift */; };
		EB14879B2247FCA500F892BD /* ProductTableViewCell.swift in Sources */ = {isa = PBXBuildFile; fileRef = EB14879A2247FCA500F892BD /* ProductTableViewCell.swift */; };
		EB5B25D12247119C00962B92 /* AppDelegate.swift in Sources */ = {isa = PBXBuildFile; fileRef = EB5B25D02247119C00962B92 /* AppDelegate.swift */; };
		EB5B25D32247119C00962B92 /* ViewController.swift in Sources */ = {isa = PBXBuildFile; fileRef = EB5B25D22247119C00962B92 /* ViewController.swift */; };
		EB5B25D62247119C00962B92 /* Main.storyboard in Resources */ = {isa = PBXBuildFile; fileRef = EB5B25D42247119C00962B92 /* Main.storyboard */; };
		EB5B25D82247119E00962B92 /* Assets.xcassets in Resources */ = {isa = PBXBuildFile; fileRef = EB5B25D72247119E00962B92 /* Assets.xcassets */; };
		EB5B25E7224715A100962B92 /* mainicon.png in Resources */ = {isa = PBXBuildFile; fileRef = EB5B25E6224715A100962B92 /* mainicon.png */; };
		EB5B25E9224718FA00962B92 /* LoginViewController.swift in Sources */ = {isa = PBXBuildFile; fileRef = EB5B25E8224718FA00962B92 /* LoginViewController.swift */; };
		EB5B25EE22471E3700962B92 /* MenuCollectionViewController.swift in Sources */ = {isa = PBXBuildFile; fileRef = EB5B25ED22471E3700962B92 /* MenuCollectionViewController.swift */; };
		EB5B25F42247300100962B92 /* Customer.swift in Sources */ = {isa = PBXBuildFile; fileRef = EB5B25F32247300100962B92 /* Customer.swift */; };
		EB5B25F72247347E00962B92 /* IDisplay.swift in Sources */ = {isa = PBXBuildFile; fileRef = EB5B25F62247347E00962B92 /* IDisplay.swift */; };
		EBBE67DD2247D2AF0010B123 /* Extra.swift in Sources */ = {isa = PBXBuildFile; fileRef = EBBE67DC2247D2AF0010B123 /* Extra.swift */; };
		EBBE67DF2247F0380010B123 /* MenuCollectionViewCell.swift in Sources */ = {isa = PBXBuildFile; fileRef = EBBE67DE2247F0380010B123 /* MenuCollectionViewCell.swift */; };
		EBBE67F02247F1870010B123 /* cart.png in Resources */ = {isa = PBXBuildFile; fileRef = EBBE67E12247F1870010B123 /* cart.png */; };
		EBBE67F12247F1870010B123 /* order.png in Resources */ = {isa = PBXBuildFile; fileRef = EBBE67E22247F1870010B123 /* order.png */; };
		EBBE67F22247F1870010B123 /* product.png in Resources */ = {isa = PBXBuildFile; fileRef = EBBE67E32247F1870010B123 /* product.png */; };
		EBBE67F32247F1870010B123 /* earpods.jpg in Resources */ = {isa = PBXBuildFile; fileRef = EBBE67E42247F1870010B123 /* earpods.jpg */; };
		EBBE67F42247F1870010B123 /* logout.png in Resources */ = {isa = PBXBuildFile; fileRef = EBBE67E52247F1870010B123 /* logout.png */; };
		EBBE67F52247F1870010B123 /* contact.png in Resources */ = {isa = PBXBuildFile; fileRef = EBBE67E62247F1870010B123 /* contact.png */; };
		EBBE67F62247F1870010B123 /* monitor.png in Resources */ = {isa = PBXBuildFile; fileRef = EBBE67E72247F1870010B123 /* monitor.png */; };
		EBBE67F72247F1870010B123 /* hdd.png in Resources */ = {isa = PBXBuildFile; fileRef = EBBE67E82247F1870010B123 /* hdd.png */; };
		EBBE67F82247F1870010B123 /* help.png in Resources */ = {isa = PBXBuildFile; fileRef = EBBE67E92247F1870010B123 /* help.png */; };
		EBBE67F92247F1870010B123 /* pendrive.png in Resources */ = {isa = PBXBuildFile; fileRef = EBBE67EA2247F1870010B123 /* pendrive.png */; };
		EBBE67FA2247F1870010B123 /* iphone7p.png in Resources */ = {isa = PBXBuildFile; fileRef = EBBE67EB2247F1870010B123 /* iphone7p.png */; };
		EBBE67FB2247F1870010B123 /* profile.png in Resources */ = {isa = PBXBuildFile; fileRef = EBBE67EC2247F1870010B123 /* profile.png */; };
		EBBE67FC2247F1870010B123 /* profile4.png in Resources */ = {isa = PBXBuildFile; fileRef = EBBE67ED2247F1870010B123 /* profile4.png */; };
		EBBE67FD2247F1870010B123 /* contact1.png in Resources */ = {isa = PBXBuildFile; fileRef = EBBE67EE2247F1870010B123 /* contact1.png */; };
		EBBE67FE2247F1870010B123 /* order2.png in Resources */ = {isa = PBXBuildFile; fileRef = EBBE67EF2247F1870010B123 /* order2.png */; };
/* End PBXBuildFile section */

/* Begin PBXFileReference section */
		EB1487902247F66100F892BD /* conatctViewController.swift */ = {isa = PBXFileReference; lastKnownFileType = sourcecode.swift; path = conatctViewController.swift; sourceTree = "<group>"; };
		EB1487932247F6C600F892BD /* HelpViewController.swift */ = {isa = PBXFileReference; lastKnownFileType = sourcecode.swift; path = HelpViewController.swift; sourceTree = "<group>"; };
		EB1487952247F6EE00F892BD /* ProductViewController.swift */ = {isa = PBXFileReference; lastKnownFileType = sourcecode.swift; path = ProductViewController.swift; sourceTree = "<group>"; };
		EB1487982247F72800F892BD /* ViewCartViewController.swift */ = {isa = PBXFileReference; lastKnownFileType = sourcecode.swift; path = ViewCartViewController.swift; sourceTree = "<group>"; };
		EB14879A2247FCA500F892BD /* ProductTableViewCell.swift */ = {isa = PBXFileReference; lastKnownFileType = sourcecode.swift; path = ProductTableViewCell.swift; sourceTree = "<group>"; };
		EB5B25CD2247119C00962B92 /* W2019_MAD_3115_Group-11_IOS_Project_FINAL.app */ = {isa = PBXFileReference; explicitFileType = wrapper.application; includeInIndex = 0; path = "W2019_MAD_3115_Group-11_IOS_Project_FINAL.app"; sourceTree = BUILT_PRODUCTS_DIR; };
		EB5B25D02247119C00962B92 /* AppDelegate.swift */ = {isa = PBXFileReference; lastKnownFileType = sourcecode.swift; path = AppDelegate.swift; sourceTree = "<group>"; };
		EB5B25D22247119C00962B92 /* ViewController.swift */ = {isa = PBXFileReference; lastKnownFileType = sourcecode.swift; path = ViewController.swift; sourceTree = "<group>"; };
		EB5B25D52247119C00962B92 /* Base */ = {isa = PBXFileReference; lastKnownFileType = file.storyboard; name = Base; path = Base.lproj/Main.storyboard; sourceTree = "<group>"; };
		EB5B25D72247119E00962B92 /* Assets.xcassets */ = {isa = PBXFileReference; lastKnownFileType = folder.assetcatalog; path = Assets.xcassets; sourceTree = "<group>"; };
		EB5B25DC2247119E00962B92 /* Info.plist */ = {isa = PBXFileReference; lastKnownFileType = text.plist.xml; path = Info.plist; sourceTree = "<group>"; };
		EB5B25E6224715A100962B92 /* mainicon.png */ = {isa = PBXFileReference; lastKnownFileType = image.png; path = mainicon.png; sourceTree = "<group>"; };
		EB5B25E8224718FA00962B92 /* LoginViewController.swift */ = {isa = PBXFileReference; lastKnownFileType = sourcecode.swift; path = LoginViewController.swift; sourceTree = "<group>"; };
		EB5B25ED22471E3700962B92 /* MenuCollectionViewController.swift */ = {isa = PBXFileReference; lastKnownFileType = sourcecode.swift; path = MenuCollectionViewController.swift; sourceTree = "<group>"; };
		EB5B25F32247300100962B92 /* Customer.swift */ = {isa = PBXFileReference; lastKnownFileType = sourcecode.swift; path = Customer.swift; sourceTree = "<group>"; };
		EB5B25F62247347E00962B92 /* IDisplay.swift */ = {isa = PBXFileReference; lastKnownFileType = sourcecode.swift; path = IDisplay.swift; sourceTree = "<group>"; };
		EBBE67DC2247D2AF0010B123 /* Extra.swift */ = {isa = PBXFileReference; lastKnownFileType = sourcecode.swift; path = Extra.swift; sourceTree = "<group>"; };
		EBBE67DE2247F0380010B123 /* MenuCollectionViewCell.swift */ = {isa = PBXFileReference; lastKnownFileType = sourcecode.swift; path = MenuCollectionViewCell.swift; sourceTree = "<group>"; };
		EBBE67E12247F1870010B123 /* cart.png */ = {isa = PBXFileReference; lastKnownFileType = image.png; path = cart.png; sourceTree = "<group>"; };
		EBBE67E22247F1870010B123 /* order.png */ = {isa = PBXFileReference; lastKnownFileType = image.png; path = order.png; sourceTree = "<group>"; };
		EBBE67E32247F1870010B123 /* product.png */ = {isa = PBXFileReference; lastKnownFileType = image.png; path = product.png; sourceTree = "<group>"; };
		EBBE67E42247F1870010B123 /* earpods.jpg */ = {isa = PBXFileReference; lastKnownFileType = image.jpeg; path = earpods.jpg; sourceTree = "<group>"; };
		EBBE67E52247F1870010B123 /* logout.png */ = {isa = PBXFileReference; lastKnownFileType = image.png; path = logout.png; sourceTree = "<group>"; };
		EBBE67E62247F1870010B123 /* contact.png */ = {isa = PBXFileReference; lastKnownFileType = image.png; path = contact.png; sourceTree = "<group>"; };
		EBBE67E72247F1870010B123 /* monitor.png */ = {isa = PBXFileReference; lastKnownFileType = image.png; path = monitor.png; sourceTree = "<group>"; };
		EBBE67E82247F1870010B123 /* hdd.png */ = {isa = PBXFileReference; lastKnownFileType = image.png; path = hdd.png; sourceTree = "<group>"; };
		EBBE67E92247F1870010B123 /* help.png */ = {isa = PBXFileReference; lastKnownFileType = image.png; path = help.png; sourceTree = "<group>"; };
		EBBE67EA2247F1870010B123 /* pendrive.png */ = {isa = PBXFileReference; lastKnownFileType = image.png; path = pendrive.png; sourceTree = "<group>"; };
		EBBE67EB2247F1870010B123 /* iphone7p.png */ = {isa = PBXFileReference; lastKnownFileType = image.png; path = iphone7p.png; sourceTree = "<group>"; };
		EBBE67EC2247F1870010B123 /* profile.png */ = {isa = PBXFileReference; lastKnownFileType = image.png; path = profile.png; sourceTree = "<group>"; };
		EBBE67ED2247F1870010B123 /* profile4.png */ = {isa = PBXFileReference; lastKnownFileType = image.png; path = profile4.png; sourceTree = "<group>"; };
		EBBE67EE2247F1870010B123 /* contact1.png */ = {isa = PBXFileReference; lastKnownFileType = image.png; path = contact1.png; sourceTree = "<group>"; };
		EBBE67EF2247F1870010B123 /* order2.png */ = {isa = PBXFileReference; lastKnownFileType = image.png; path = order2.png; sourceTree = "<group>"; };
/* End PBXFileReference section */

/* Begin PBXFrameworksBuildPhase section */
		EB5B25CA2247119C00962B92 /* Frameworks */ = {
			isa = PBXFrameworksBuildPhase;
			buildActionMask = 2147483647;
			files = (
			);
			runOnlyForDeploymentPostprocessing = 0;
		};
/* End PBXFrameworksBuildPhase section */

/* Begin PBXGroup section */
		EB14878E2247F5EC00F892BD /* product */ = {
			isa = PBXGroup;
			children = (
				EB1487952247F6EE00F892BD /* ProductViewController.swift */,
				EB14879A2247FCA500F892BD /* ProductTableViewCell.swift */,
			);
			path = product;
			sourceTree = "<group>";
		};
		EB14878F2247F63B00F892BD /* contactus */ = {
			isa = PBXGroup;
			children = (
				EB1487902247F66100F892BD /* conatctViewController.swift */,
			);
			path = contactus;
			sourceTree = "<group>";
		};
		EB1487922247F6B500F892BD /* help */ = {
			isa = PBXGroup;
			children = (
				EB1487932247F6C600F892BD /* HelpViewController.swift */,
			);
			path = help;
			sourceTree = "<group>";
		};
		EB1487972247F71200F892BD /* viewcart */ = {
			isa = PBXGroup;
			children = (
				EB1487982247F72800F892BD /* ViewCartViewController.swift */,
			);
			path = viewcart;
			sourceTree = "<group>";
		};
		EB5B25C42247119C00962B92 = {
			isa = PBXGroup;
			children = (
				EB5B25CF2247119C00962B92 /* W2019_MAD_3115_Group-11_IOS_Project_FINAL */,
				EB5B25CE2247119C00962B92 /* Products */,
			);
			sourceTree = "<group>";
		};
		EB5B25CE2247119C00962B92 /* Products */ = {
			isa = PBXGroup;
			children = (
				EB5B25CD2247119C00962B92 /* W2019_MAD_3115_Group-11_IOS_Project_FINAL.app */,
			);
			name = Products;
			sourceTree = "<group>";
		};
		EB5B25CF2247119C00962B92 /* W2019_MAD_3115_Group-11_IOS_Project_FINAL */ = {
			isa = PBXGroup;
			children = (
				EB5B25F52247344C00962B92 /* protocol */,
				EB5B25E4224714A200962B92 /* images */,
				EB5B25E32247149900962B92 /* controller */,
				EB5B25E22247148000962B92 /* Modal */,
				EB5B25D02247119C00962B92 /* AppDelegate.swift */,
				EB5B25D22247119C00962B92 /* ViewController.swift */,
				EB5B25D42247119C00962B92 /* Main.storyboard */,
				EB5B25D72247119E00962B92 /* Assets.xcassets */,
				EB5B25DC2247119E00962B92 /* Info.plist */,
			);
			path = "W2019_MAD_3115_Group-11_IOS_Project_FINAL";
			sourceTree = "<group>";
		};
		EB5B25E22247148000962B92 /* Modal */ = {
			isa = PBXGroup;
			children = (
				EB5B25F32247300100962B92 /* Customer.swift */,
				EBBE67DC2247D2AF0010B123 /* Extra.swift */,
			);
			path = Modal;
			sourceTree = "<group>";
		};
		EB5B25E32247149900962B92 /* controller */ = {
			isa = PBXGroup;
			children = (
				EB1487972247F71200F892BD /* viewcart */,
				EB1487922247F6B500F892BD /* help */,
				EB14878F2247F63B00F892BD /* contactus */,
				EB14878E2247F5EC00F892BD /* product */,
				EB5B25EA22471DD100962B92 /* menu */,
				EB5B25E5224714B900962B92 /* login */,
			);
			path = controller;
			sourceTree = "<group>";
		};
		EB5B25E4224714A200962B92 /* images */ = {
			isa = PBXGroup;
			children = (
				EBBE67E02247F1870010B123 /* Images */,
				EB5B25E6224715A100962B92 /* mainicon.png */,
			);
			path = images;
			sourceTree = "<group>";
		};
		EB5B25E5224714B900962B92 /* login */ = {
			isa = PBXGroup;
			children = (
				EB5B25E8224718FA00962B92 /* LoginViewController.swift */,
			);
			path = login;
			sourceTree = "<group>";
		};
		EB5B25EA22471DD100962B92 /* menu */ = {
			isa = PBXGroup;
			children = (
				EB5B25ED22471E3700962B92 /* MenuCollectionViewController.swift */,
				EBBE67DE2247F0380010B123 /* MenuCollectionViewCell.swift */,
			);
			path = menu;
			sourceTree = "<group>";
		};
		EB5B25F52247344C00962B92 /* protocol */ = {
			isa = PBXGroup;
			children = (
				EB5B25F62247347E00962B92 /* IDisplay.swift */,
			);
			path = protocol;
			sourceTree = "<group>";
		};
		EBBE67E02247F1870010B123 /* Images */ = {
			isa = PBXGroup;
			children = (
				EBBE67E12247F1870010B123 /* cart.png */,
				EBBE67E22247F1870010B123 /* order.png */,
				EBBE67E32247F1870010B123 /* product.png */,
				EBBE67E42247F1870010B123 /* earpods.jpg */,
				EBBE67E52247F1870010B123 /* logout.png */,
				EBBE67E62247F1870010B123 /* contact.png */,
				EBBE67E72247F1870010B123 /* monitor.png */,
				EBBE67E82247F1870010B123 /* hdd.png */,
				EBBE67E92247F1870010B123 /* help.png */,
				EBBE67EA2247F1870010B123 /* pendrive.png */,
				EBBE67EB2247F1870010B123 /* iphone7p.png */,
				EBBE67EC2247F1870010B123 /* profile.png */,
				EBBE67ED2247F1870010B123 /* profile4.png */,
				EBBE67EE2247F1870010B123 /* contact1.png */,
				EBBE67EF2247F1870010B123 /* order2.png */,
			);
			path = Images;
			sourceTree = "<group>";
		};
/* End PBXGroup section */

/* Begin PBXNativeTarget section */
		EB5B25CC2247119C00962B92 /* W2019_MAD_3115_Group-11_IOS_Project_FINAL */ = {
			isa = PBXNativeTarget;
			buildConfigurationList = EB5B25DF2247119E00962B92 /* Build configuration list for PBXNativeTarget "W2019_MAD_3115_Group-11_IOS_Project_FINAL" */;
			buildPhases = (
				EB5B25C92247119C00962B92 /* Sources */,
				EB5B25CA2247119C00962B92 /* Frameworks */,
				EB5B25CB2247119C00962B92 /* Resources */,
			);
			buildRules = (
			);
			dependencies = (
			);
			name = "W2019_MAD_3115_Group-11_IOS_Project_FINAL";
			productName = "W2019_MAD_3115_Group-11_IOS_Project_FINAL";
			productReference = EB5B25CD2247119C00962B92 /* W2019_MAD_3115_Group-11_IOS_Project_FINAL.app */;
			productType = "com.apple.product-type.application";
		};
/* End PBXNativeTarget section */

/* Begin PBXProject section */
		EB5B25C52247119C00962B92 /* Project object */ = {
			isa = PBXProject;
			attributes = {
				LastSwiftUpdateCheck = 1010;
				LastUpgradeCheck = 1010;
				ORGANIZATIONNAME = Owner;
				TargetAttributes = {
					EB5B25CC2247119C00962B92 = {
						CreatedOnToolsVersion = 10.1;
					};
				};
			};
			buildConfigurationList = EB5B25C82247119C00962B92 /* Build configuration list for PBXProject "W2019_MAD_3115_Group-11_IOS_Project_FINAL" */;
			compatibilityVersion = "Xcode 9.3";
			developmentRegion = en;
			hasScannedForEncodings = 0;
			knownRegions = (
				en,
				Base,
			);
			mainGroup = EB5B25C42247119C00962B92;
			productRefGroup = EB5B25CE2247119C00962B92 /* Products */;
			projectDirPath = "";
			projectRoot = "";
			targets = (
				EB5B25CC2247119C00962B92 /* W2019_MAD_3115_Group-11_IOS_Project_FINAL */,
			);
		};
/* End PBXProject section */

/* Begin PBXResourcesBuildPhase section */
		EB5B25CB2247119C00962B92 /* Resources */ = {
			isa = PBXResourcesBuildPhase;
			buildActionMask = 2147483647;
			files = (
				EB5B25E7224715A100962B92 /* mainicon.png in Resources */,
				EBBE67FE2247F1870010B123 /* order2.png in Resources */,
				EBBE67F22247F1870010B123 /* product.png in Resources */,
				EBBE67F02247F1870010B123 /* cart.png in Resources */,
				EB5B25D82247119E00962B92 /* Assets.xcassets in Resources */,
				EBBE67FC2247F1870010B123 /* profile4.png in Resources */,
				EBBE67F62247F1870010B123 /* monitor.png in Resources */,
				EBBE67FD2247F1870010B123 /* contact1.png in Resources */,
				EB5B25D62247119C00962B92 /* Main.storyboard in Resources */,
				EBBE67F92247F1870010B123 /* pendrive.png in Resources */,
				EBBE67FA2247F1870010B123 /* iphone7p.png in Resources */,
				EBBE67F12247F1870010B123 /* order.png in Resources */,
				EBBE67F52247F1870010B123 /* contact.png in Resources */,
				EBBE67F82247F1870010B123 /* help.png in Resources */,
				EBBE67F32247F1870010B123 /* earpods.jpg in Resources */,
				EBBE67F42247F1870010B123 /* logout.png in Resources */,
				EBBE67FB2247F1870010B123 /* profile.png in Resources */,
				EBBE67F72247F1870010B123 /* hdd.png in Resources */,
			);
			runOnlyForDeploymentPostprocessing = 0;
		};
/* End PBXResourcesBuildPhase section */

/* Begin PBXSourcesBuildPhase section */
		EB5B25C92247119C00962B92 /* Sources */ = {
			isa = PBXSourcesBuildPhase;
			buildActionMask = 2147483647;
			files = (
				EB5B25E9224718FA00962B92 /* LoginViewController.swift in Sources */,
				EB5B25EE22471E3700962B92 /* MenuCollectionViewController.swift in Sources */,
				EBBE67DD2247D2AF0010B123 /* Extra.swift in Sources */,
				EB1487992247F72800F892BD /* ViewCartViewController.swift in Sources */,
				EB1487962247F6EE00F892BD /* ProductViewController.swift in Sources */,
				EB1487912247F66100F892BD /* conatctViewController.swift in Sources */,
				EBBE67DF2247F0380010B123 /* MenuCollectionViewCell.swift in Sources */,
				EB14879B2247FCA500F892BD /* ProductTableViewCell.swift in Sources */,
				EB5B25F72247347E00962B92 /* IDisplay.swift in Sources */,
				EB5B25F42247300100962B92 /* Customer.swift in Sources */,
				EB5B25D32247119C00962B92 /* ViewController.swift in Sources */,
				EB5B25D12247119C00962B92 /* AppDelegate.swift in Sources */,
				EB1487942247F6C600F892BD /* HelpViewController.swift in Sources */,
			);
			runOnlyForDeploymentPostprocessing = 0;
		};
/* End PBXSourcesBuildPhase section */

/* Begin PBXVariantGroup section */
		EB5B25D42247119C00962B92 /* Main.storyboard */ = {
			isa = PBXVariantGroup;
			children = (
				EB5B25D52247119C00962B92 /* Base */,
			);
			name = Main.storyboard;
			sourceTree = "<group>";
		};
/* End PBXVariantGroup section */

/* Begin XCBuildConfiguration section */
		EB5B25DD2247119E00962B92 /* Debug */ = {
			isa = XCBuildConfiguration;
			buildSettings = {
				ALWAYS_SEARCH_USER_PATHS = NO;
				CLANG_ANALYZER_NONNULL = YES;
				CLANG_ANALYZER_NUMBER_OBJECT_CONVERSION = YES_AGGRESSIVE;
				CLANG_CXX_LANGUAGE_STANDARD = "gnu++14";
				CLANG_CXX_LIBRARY = "libc++";
				CLANG_ENABLE_MODULES = YES;
				CLANG_ENABLE_OBJC_ARC = YES;
				CLANG_ENABLE_OBJC_WEAK = YES;
				CLANG_WARN_BLOCK_CAPTURE_AUTORELEASING = YES;
				CLANG_WARN_BOOL_CONVERSION = YES;
				CLANG_WARN_COMMA = YES;
				CLANG_WARN_CONSTANT_CONVERSION = YES;
				CLANG_WARN_DEPRECATED_OBJC_IMPLEMENTATIONS = YES;
				CLANG_WARN_DIRECT_OBJC_ISA_USAGE = YES_ERROR;
				CLANG_WARN_DOCUMENTATION_COMMENTS = YES;
				CLANG_WARN_EMPTY_BODY = YES;
				CLANG_WARN_ENUM_CONVERSION = YES;
				CLANG_WARN_INFINITE_RECURSION = YES;
				CLANG_WARN_INT_CONVERSION = YES;
				CLANG_WARN_NON_LITERAL_NULL_CONVERSION = YES;
				CLANG_WARN_OBJC_IMPLICIT_RETAIN_SELF = YES;
				CLANG_WARN_OBJC_LITERAL_CONVERSION = YES;
				CLANG_WARN_OBJC_ROOT_CLASS = YES_ERROR;
				CLANG_WARN_RANGE_LOOP_ANALYSIS = YES;
				CLANG_WARN_STRICT_PROTOTYPES = YES;
				CLANG_WARN_SUSPICIOUS_MOVE = YES;
				CLANG_WARN_UNGUARDED_AVAILABILITY = YES_AGGRESSIVE;
				CLANG_WARN_UNREACHABLE_CODE = YES;
				CLANG_WARN__DUPLICATE_METHOD_MATCH = YES;
				CODE_SIGN_IDENTITY = "iPhone Developer";
				COPY_PHASE_STRIP = NO;
				DEBUG_INFORMATION_FORMAT = dwarf;
				ENABLE_STRICT_OBJC_MSGSEND = YES;
				ENABLE_TESTABILITY = YES;
				GCC_C_LANGUAGE_STANDARD = gnu11;
				GCC_DYNAMIC_NO_PIC = NO;
				GCC_NO_COMMON_BLOCKS = YES;
				GCC_OPTIMIZATION_LEVEL = 0;
				GCC_PREPROCESSOR_DEFINITIONS = (
					"DEBUG=1",
					"$(inherited)",
				);
				GCC_WARN_64_TO_32_BIT_CONVERSION = YES;
				GCC_WARN_ABOUT_RETURN_TYPE = YES_ERROR;
				GCC_WARN_UNDECLARED_SELECTOR = YES;
				GCC_WARN_UNINITIALIZED_AUTOS = YES_AGGRESSIVE;
				GCC_WARN_UNUSED_FUNCTION = YES;
				GCC_WARN_UNUSED_VARIABLE = YES;
				IPHONEOS_DEPLOYMENT_TARGET = 12.1;
				MTL_ENABLE_DEBUG_INFO = INCLUDE_SOURCE;
				MTL_FAST_MATH = YES;
				ONLY_ACTIVE_ARCH = YES;
				SDKROOT = iphoneos;
				SWIFT_ACTIVE_COMPILATION_CONDITIONS = DEBUG;
				SWIFT_OPTIMIZATION_LEVEL = "-Onone";
			};
			name = Debug;
		};
		EB5B25DE2247119E00962B92 /* Release */ = {
			isa = XCBuildConfiguration;
			buildSettings = {
				ALWAYS_SEARCH_USER_PATHS = NO;
				CLANG_ANALYZER_NONNULL = YES;
				CLANG_ANALYZER_NUMBER_OBJECT_CONVERSION = YES_AGGRESSIVE;
				CLANG_CXX_LANGUAGE_STANDARD = "gnu++14";
				CLANG_CXX_LIBRARY = "libc++";
				CLANG_ENABLE_MODULES = YES;
				CLANG_ENABLE_OBJC_ARC = YES;
				CLANG_ENABLE_OBJC_WEAK = YES;
				CLANG_WARN_BLOCK_CAPTURE_AUTORELEASING = YES;
				CLANG_WARN_BOOL_CONVERSION = YES;
				CLANG_WARN_COMMA = YES;
				CLANG_WARN_CONSTANT_CONVERSION = YES;
				CLANG_WARN_DEPRECATED_OBJC_IMPLEMENTATIONS = YES;
				CLANG_WARN_DIRECT_OBJC_ISA_USAGE = YES_ERROR;
				CLANG_WARN_DOCUMENTATION_COMMENTS = YES;
				CLANG_WARN_EMPTY_BODY = YES;
				CLANG_WARN_ENUM_CONVERSION = YES;
				CLANG_WARN_INFINITE_RECURSION = YES;
				CLANG_WARN_INT_CONVERSION = YES;
				CLANG_WARN_NON_LITERAL_NULL_CONVERSION = YES;
				CLANG_WARN_OBJC_IMPLICIT_RETAIN_SELF = YES;
				CLANG_WARN_OBJC_LITERAL_CONVERSION = YES;
				CLANG_WARN_OBJC_ROOT_CLASS = YES_ERROR;
				CLANG_WARN_RANGE_LOOP_ANALYSIS = YES;
				CLANG_WARN_STRICT_PROTOTYPES = YES;
				CLANG_WARN_SUSPICIOUS_MOVE = YES;
				CLANG_WARN_UNGUARDED_AVAILABILITY = YES_AGGRESSIVE;
				CLANG_WARN_UNREACHABLE_CODE = YES;
				CLANG_WARN__DUPLICATE_METHOD_MATCH = YES;
				CODE_SIGN_IDENTITY = "iPhone Developer";
				COPY_PHASE_STRIP = NO;
				DEBUG_INFORMATION_FORMAT = "dwarf-with-dsym";
				ENABLE_NS_ASSERTIONS = NO;
				ENABLE_STRICT_OBJC_MSGSEND = YES;
				GCC_C_LANGUAGE_STANDARD = gnu11;
				GCC_NO_COMMON_BLOCKS = YES;
				GCC_WARN_64_TO_32_BIT_CONVERSION = YES;
				GCC_WARN_ABOUT_RETURN_TYPE = YES_ERROR;
				GCC_WARN_UNDECLARED_SELECTOR = YES;
				GCC_WARN_UNINITIALIZED_AUTOS = YES_AGGRESSIVE;
				GCC_WARN_UNUSED_FUNCTION = YES;
				GCC_WARN_UNUSED_VARIABLE = YES;
				IPHONEOS_DEPLOYMENT_TARGET = 12.1;
				MTL_ENABLE_DEBUG_INFO = NO;
				MTL_FAST_MATH = YES;
				SDKROOT = iphoneos;
				SWIFT_COMPILATION_MODE = wholemodule;
				SWIFT_OPTIMIZATION_LEVEL = "-O";
				VALIDATE_PRODUCT = YES;
			};
			name = Release;
		};
		EB5B25E02247119E00962B92 /* Debug */ = {
			isa = XCBuildConfiguration;
			buildSettings = {
				ASSETCATALOG_COMPILER_APPICON_NAME = AppIcon;
				CODE_SIGN_STYLE = Automatic;
				DEVELOPMENT_TEAM = GQ98VVU7H4;
				INFOPLIST_FILE = "W2019_MAD_3115_Group-11_IOS_Project_FINAL/Info.plist";
				LD_RUNPATH_SEARCH_PATHS = (
					"$(inherited)",
					"@executable_path/Frameworks",
				);
				PRODUCT_BUNDLE_IDENTIFIER = "sam.W2019-MAD-3115-Group-11-IOS-Project-FINAL";
				PRODUCT_NAME = "$(TARGET_NAME)";
				SWIFT_VERSION = 4.2;
				TARGETED_DEVICE_FAMILY = "1,2";
			};
			name = Debug;
		};
		EB5B25E12247119E00962B92 /* Release */ = {
			isa = XCBuildConfiguration;
			buildSettings = {
				ASSETCATALOG_COMPILER_APPICON_NAME = AppIcon;
				CODE_SIGN_STYLE = Automatic;
				DEVELOPMENT_TEAM = GQ98VVU7H4;
				INFOPLIST_FILE = "W2019_MAD_3115_Group-11_IOS_Project_FINAL/Info.plist";
				LD_RUNPATH_SEARCH_PATHS = (
					"$(inherited)",
					"@executable_path/Frameworks",
				);
				PRODUCT_BUNDLE_IDENTIFIER = "sam.W2019-MAD-3115-Group-11-IOS-Project-FINAL";
				PRODUCT_NAME = "$(TARGET_NAME)";
				SWIFT_VERSION = 4.2;
				TARGETED_DEVICE_FAMILY = "1,2";
			};
			name = Release;
		};
/* End XCBuildConfiguration section */

/* Begin XCConfigurationList section */
		EB5B25C82247119C00962B92 /* Build configuration list for PBXProject "W2019_MAD_3115_Group-11_IOS_Project_FINAL" */ = {
			isa = XCConfigurationList;
			buildConfigurations = (
				EB5B25DD2247119E00962B92 /* Debug */,
				EB5B25DE2247119E00962B92 /* Release */,
			);
			defaultConfigurationIsVisible = 0;
			defaultConfigurationName = Release;
		};
		EB5B25DF2247119E00962B92 /* Build configuration list for PBXNativeTarget "W2019_MAD_3115_Group-11_IOS_Project_FINAL" */ = {
			isa = XCConfigurationList;
			buildConfigurations = (
				EB5B25E02247119E00962B92 /* Debug */,
				EB5B25E12247119E00962B92 /* Release */,
			);
			defaultConfigurationIsVisible = 0;
			defaultConfigurationName = Release;
		};
/* End XCConfigurationList section */
	};
	rootObject = EB5B25C52247119C00962B92 /* Project object */;
}
